// !$*UTF8*$!
{
	archiveVersion = 1;
	classes = {
	};
	objectVersion = 46;
	objects = {

/* Begin PBXBuildFile section */
		021B0B341E2959F300277301 /* AppDelegate.swift in Sources */ = {isa = PBXBuildFile; fileRef = 021B0B331E2959F300277301 /* AppDelegate.swift */; };
		021B0B361E2959F300277301 /* ViewController.swift in Sources */ = {isa = PBXBuildFile; fileRef = 021B0B351E2959F300277301 /* ViewController.swift */; };
		021B0B391E2959F300277301 /* Main.storyboard in Resources */ = {isa = PBXBuildFile; fileRef = 021B0B371E2959F300277301 /* Main.storyboard */; };
		021B0B3B1E2959F300277301 /* Assets.xcassets in Resources */ = {isa = PBXBuildFile; fileRef = 021B0B3A1E2959F300277301 /* Assets.xcassets */; };
		021B0B3E1E2959F300277301 /* LaunchScreen.storyboard in Resources */ = {isa = PBXBuildFile; fileRef = 021B0B3C1E2959F300277301 /* LaunchScreen.storyboard */; };
/* End PBXBuildFile section */

/* Begin PBXFileReference section */
		021B0B301E2959F300277301 /* hangman2.app */ = {isa = PBXFileReference; explicitFileType = wrapper.application; includeInIndex = 0; path = hangman2.app; sourceTree = BUILT_PRODUCTS_DIR; };
		021B0B331E2959F300277301 /* AppDelegate.swift */ = {isa = PBXFileReference; lastKnownFileType = sourcecode.swift; path = AppDelegate.swift; sourceTree = "<group>"; };
		021B0B351E2959F300277301 /* ViewController.swift */ = {isa = PBXFileReference; lastKnownFileType = sourcecode.swift; path = ViewController.swift; sourceTree = "<group>"; };
		021B0B381E2959F300277301 /* Base */ = {isa = PBXFileReference; lastKnownFileType = file.storyboard; name = Base; path = Base.lproj/Main.storyboard; sourceTree = "<group>"; };
		021B0B3A1E2959F300277301 /* Assets.xcassets */ = {isa = PBXFileReference; lastKnownFileType = folder.assetcatalog; path = Assets.xcassets; sourceTree = "<group>"; };
		021B0B3D1E2959F300277301 /* Base */ = {isa = PBXFileReference; lastKnownFileType = file.storyboard; name = Base; path = Base.lproj/LaunchScreen.storyboard; sourceTree = "<group>"; };
		021B0B3F1E2959F300277301 /* Info.plist */ = {isa = PBXFileReference; lastKnownFileType = text.plist.xml; path = Info.plist; sourceTree = "<group>"; };
/* End PBXFileReference section */

/* Begin PBXFrameworksBuildPhase section */
		021B0B2D1E2959F300277301 /* Frameworks */ = {
			isa = PBXFrameworksBuildPhase;
			buildActionMask = 2147483647;
			files = (
			);
			runOnlyForDeploymentPostprocessing = 0;
		};
/* End PBXFrameworksBuildPhase section */

/* Begin PBXGroup section */
		021B0B271E2959F300277301 = {
			isa = PBXGroup;
			children = (
				021B0B321E2959F300277301 /* hangman2 */,
				021B0B311E2959F300277301 /* Products */,
			);
			sourceTree = "<group>";
		};
		021B0B311E2959F300277301 /* Products */ = {
			isa = PBXGroup;
			children = (
				021B0B301E2959F300277301 /* hangman2.app */,
			);
			name = Products;
			sourceTree = "<group>";
		};
		021B0B321E2959F300277301 /* hangman2 */ = {
			isa = PBXGroup;
			children = (
				021B0B331E2959F300277301 /* AppDelegate.swift */,
				021B0B351E2959F300277301 /* ViewController.swift */,
				021B0B371E2959F300277301 /* Main.storyboard */,
				021B0B3A1E2959F300277301 /* Assets.xcassets */,
				021B0B3C1E2959F300277301 /* LaunchScreen.storyboard */,
				021B0B3F1E2959F300277301 /* Info.plist */,
			);
			path = hangman2;
			sourceTree = "<group>";
		};
/* End PBXGroup section */

/* Begin PBXNativeTarget section */
		021B0B2F1E2959F300277301 /* hangman2 */ = {
			isa = PBXNativeTarget;
			buildConfigurationList = 021B0B421E2959F300277301 /* Build configuration list for PBXNativeTarget "hangman2" */;
			buildPhases = (
				021B0B2C1E2959F300277301 /* Sources */,
				021B0B2D1E2959F300277301 /* Frameworks */,
				021B0B2E1E2959F300277301 /* Resources */,
			);
			buildRules = (
			);
			dependencies = (
			);
			name = hangman2;
			productName = hangman2;
			productReference = 021B0B301E2959F300277301 /* hangman2.app */;
			productType = "com.apple.product-type.application";
		};
/* End PBXNativeTarget section */

/* Begin PBXProject section */
		021B0B281E2959F300277301 /* Project object */ = {
			isa = PBXProject;
			attributes = {
				LastSwiftUpdateCheck = 0820;
				LastUpgradeCheck = 0820;
				ORGANIZATIONNAME = "Eugen Bopp";
				TargetAttributes = {
					021B0B2F1E2959F300277301 = {
						CreatedOnToolsVersion = 8.2.1;
						ProvisioningStyle = Automatic;
					};
				};
			};
			buildConfigurationList = 021B0B2B1E2959F300277301 /* Build configuration list for PBXProject "hangman2" */;
			compatibilityVersion = "Xcode 3.2";
			developmentRegion = English;
			hasScannedForEncodings = 0;
			knownRegions = (
				en,
				Base,
			);
			mainGroup = 021B0B271E2959F300277301;
			productRefGroup = 021B0B311E2959F300277301 /* Products */;
			projectDirPath = "";
			projectRoot = "";
			targets = (
				021B0B2F1E2959F300277301 /* hangman2 */,
			);
		};
/* End PBXProject section */

/* Begin PBXResourcesBuildPhase section */
		021B0B2E1E2959F300277301 /* Resources */ = {
			isa = PBXResourcesBuildPhase;
			buildActionMask = 2147483647;
			files = (
				021B0B3E1E2959F300277301 /* LaunchScreen.storyboard in Resources */,
				021B0B3B1E2959F300277301 /* Assets.xcassets in Resources */,
				021B0B391E2959F300277301 /* Main.storyboard in Resources */,
			);
			runOnlyForDeploymentPostprocessing = 0;
		};
/* End PBXResourcesBuildPhase section */

/* Begin PBXSourcesBuildPhase section */
		021B0B2C1E2959F300277301 /* Sources */ = {
			isa = PBXSourcesBuildPhase;
			buildActionMask = 2147483647;
			files = (
				021B0B361E2959F300277301 /* ViewController.swift in Sources */,
				021B0B341E2959F300277301 /* AppDelegate.swift in Sources */,
			);
			runOnlyForDeploymentPostprocessing = 0;
		};
/* End PBXSourcesBuildPhase section */

/* Begin PBXVariantGroup section */
		021B0B371E2959F300277301 /* Main.storyboard */ = {
			isa = PBXVariantGroup;
			children = (
				021B0B381E2959F300277301 /* Base */,
			);
			name = Main.storyboard;
			sourceTree = "<group>";
		};
		021B0B3C1E2959F300277301 /* LaunchScreen.storyboard */ = {
			isa = PBXVariantGroup;
			children = (
				021B0B3D1E2959F300277301 /* Base */,
			);
			name = LaunchScreen.storyboard;
			sourceTree = "<group>";
		};
/* End PBXVariantGroup section */

/* Begin XCBuildConfiguration section */
		021B0B401E2959F300277301 /* Debug */ = {
			isa = XCBuildConfiguration;
			buildSettings = {
				ALWAYS_SEARCH_USER_PATHS = NO;
				CLANG_ANALYZER_NONNULL = YES;
				CLANG_CXX_LANGUAGE_STANDARD = "gnu++0x";
				CLANG_CXX_LIBRARY = "libc++";
				CLANG_ENABLE_MODULES = YES;
				CLANG_ENABLE_OBJC_ARC = YES;
				CLANG_WARN_BOOL_CONVERSION = YES;
				CLANG_WARN_CONSTANT_CONVERSION = YES;
				CLANG_WARN_DIRECT_OBJC_ISA_USAGE = YES_ERROR;
				CLANG_WARN_DOCUMENTATION_COMMENTS = YES;
				CLANG_WARN_EMPTY_BODY = YES;
				CLANG_WARN_ENUM_CONVERSION = YES;
				CLANG_WARN_INFINITE_RECURSION = YES;
				CLANG_WARN_INT_CONVERSION = YES;
				CLANG_WARN_OBJC_ROOT_CLASS = YES_ERROR;
				CLANG_WARN_SUSPICIOUS_MOVE = YES;
				CLANG_WARN_UNREACHABLE_CODE = YES;
				CLANG_WARN__DUPLICATE_METHOD_MATCH = YES;
				"CODE_SIGN_IDENTITY[sdk=iphoneos*]" = "iPhone Developer";
				COPY_PHASE_STRIP = NO;
				DEBUG_INFORMATION_FORMAT = dwarf;
				ENABLE_STRICT_OBJC_MSGSEND = YES;
				ENABLE_TESTABILITY = YES;
				GCC_C_LANGUAGE_STANDARD = gnu99;
				GCC_DYNAMIC_NO_PIC = NO;
				GCC_NO_COMMON_BLOCKS = YES;
				GCC_OPTIMIZATION_LEVEL = 0;
				GCC_PREPROCESSOR_DEFINITIONS = (
					"DEBUG=1",
					"$(inherited)",
				);
				GCC_WARN_64_TO_32_BIT_CONVERSION = YES;
				GCC_WARN_ABOUT_RETURN_TYPE = YES_ERROR;
				GCC_WARN_UNDECLARED_SELECTOR = YES;
				GCC_WARN_UNINITIALIZED_AUTOS = YES_AGGRESSIVE;
				GCC_WARN_UNUSED_FUNCTION = YES;
				GCC_WARN_UNUSED_VARIABLE = YES;
				IPHONEOS_DEPLOYMENT_TARGET = 10.2;
				MTL_ENABLE_DEBUG_INFO = YES;
				ONLY_ACTIVE_ARCH = YES;
				SDKROOT = iphoneos;
				SWIFT_ACTIVE_COMPILATION_CONDITIONS = DEBUG;
				SWIFT_OPTIMIZATION_LEVEL = "-Onone";
			};
			name = Debug;
		};
		021B0B411E2959F300277301 /* Release */ = {
			isa = XCBuildConfiguration;
			buildSettings = {
				ALWAYS_SEARCH_USER_PATHS = NO;
				CLANG_ANALYZER_NONNULL = YES;
				CLANG_CXX_LANGUAGE_STANDARD = "gnu++0x";
				CLANG_CXX_LIBRARY = "libc++";
				CLANG_ENABLE_MODULES = YES;
				CLANG_ENABLE_OBJC_ARC = YES;
				CLANG_WARN_BOOL_CONVERSION = YES;
				CLANG_WARN_CONSTANT_CONVERSION = YES;
				CLANG_WARN_DIRECT_OBJC_ISA_USAGE = YES_ERROR;
				CLANG_WARN_DOCUMENTATION_COMMENTS = YES;
				CLANG_WARN_EMPTY_BODY = YES;
				CLANG_WARN_ENUM_CONVERSION = YES;
				CLANG_WARN_INFINITE_RECURSION = YES;
				CLANG_WARN_INT_CONVERSION = YES;
				CLANG_WARN_OBJC_ROOT_CLASS = YES_ERROR;
				CLANG_WARN_SUSPICIOUS_MOVE = YES;
				CLANG_WARN_UNREACHABLE_CODE = YES;
				CLANG_WARN__DUPLICATE_METHOD_MATCH = YES;
				"CODE_SIGN_IDENTITY[sdk=iphoneos*]" = "iPhone Developer";
				COPY_PHASE_STRIP = NO;
				DEBUG_INFORMATION_FORMAT = "dwarf-with-dsym";
				ENABLE_NS_ASSERTIONS = NO;
				ENABLE_STRICT_OBJC_MSGSEND = YES;
				GCC_C_LANGUAGE_STANDARD = gnu99;
				GCC_NO_COMMON_BLOCKS = YES;
				GCC_WARN_64_TO_32_BIT_CONVERSION = YES;
				GCC_WARN_ABOUT_RETURN_TYPE = YES_ERROR;
				GCC_WARN_UNDECLARED_SELECTOR = YES;
				GCC_WARN_UNINITIALIZED_AUTOS = YES_AGGRESSIVE;
				GCC_WARN_UNUSED_FUNCTION = YES;
				GCC_WARN_UNUSED_VARIABLE = YES;
				IPHONEOS_DEPLOYMENT_TARGET = 10.2;
				MTL_ENABLE_DEBUG_INFO = NO;
				SDKROOT = iphoneos;
				SWIFT_OPTIMIZATION_LEVEL = "-Owholemodule";
				VALIDATE_PRODUCT = YES;
			};
			name = Release;
		};
		021B0B431E2959F300277301 /* Debug */ = {
			isa = XCBuildConfiguration;
			buildSettings = {
				ASSETCATALOG_COMPILER_APPICON_NAME = AppIcon;
				INFOPLIST_FILE = hangman2/Info.plist;
				LD_RUNPATH_SEARCH_PATHS = "$(inherited) @executable_path/Frameworks";
				PRODUCT_BUNDLE_IDENTIFIER = com.bopp.me.hangman2;
				PRODUCT_NAME = "$(TARGET_NAME)";
				SWIFT_VERSION = 3.0;
			};
			name = Debug;
		};
		021B0B441E2959F300277301 /* Release */ = {
			isa = XCBuildConfiguration;
			buildSettings = {
				ASSETCATALOG_COMPILER_APPICON_NAME = AppIcon;
				INFOPLIST_FILE = hangman2/Info.plist;
				LD_RUNPATH_SEARCH_PATHS = "$(inherited) @executable_path/Frameworks";
				PRODUCT_BUNDLE_IDENTIFIER = com.bopp.me.hangman2;
				PRODUCT_NAME = "$(TARGET_NAME)";
				SWIFT_VERSION = 3.0;
			};
			name = Release;
		};
/* End XCBuildConfiguration section */

/* Begin XCConfigurationList section */
		021B0B2B1E2959F300277301 /* Build configuration list for PBXProject "hangman2" */ = {
			isa = XCConfigurationList;
			buildConfigurations = (
				021B0B401E2959F300277301 /* Debug */,
				021B0B411E2959F300277301 /* Release */,
			);
			defaultConfigurationIsVisible = 0;
			defaultConfigurationName = Release;
		};
		021B0B421E2959F300277301 /* Build configuration list for PBXNativeTarget "hangman2" */ = {
			isa = XCConfigurationList;
			buildConfigurations = (
				021B0B431E2959F300277301 /* Debug */,
				021B0B441E2959F300277301 /* Release */,
			);
			defaultConfigurationIsVisible = 0;
		};
/* End XCConfigurationList section */
	};
	rootObject = 021B0B281E2959F300277301 /* Project object */;
}
